# This file is autogenerated, do not edit; changes may be undone by the next 'dep ensure'.


[[projects]]
  branch = "master"
  name = "github.com/hzxiao/goutil"
  packages = ["version"]
  revision = "173675ecaaca3c0773939192066400ce5c8f732e"

[[projects]]
  name = "github.com/spf13/pflag"
  packages = ["."]
  revision = "298182f68c66c05229eb03ac171abe6e309ee79a"
  version = "v1.0.3"

[solve-meta]
  analyzer-name = "dep"
  analyzer-version = 1
  inputs-digest = "da765f503b32850342714834f517eb99b82889d1008eb6b034049eca8a99f6cc"
  solver-name = "gps-cdcl"
  solver-version = 1
